[[package]]
name = "peewee"
version = "3.15.4"
description = "a little orm"
category = "main"
optional = false
python-versions = "*"

[[package]]
name = "pika"
version = "1.3.1"
description = "Pika Python AMQP Client Library"
category = "main"
optional = false
python-versions = ">=3.4"

[package.extras]
gevent = ["gevent"]
tornado = ["tornado"]
twisted = ["twisted"]

[metadata]
lock-version = "1.1"
python-versions = "^3.9"
content-hash = "7feec9f178a776ce3266df0da0958b29985866b09c553b993c51aa92ab6186f1"

[metadata.files]
peewee = [
    {file = "peewee-3.15.4.tar.gz", hash = "sha256:2581520c8dfbacd9d580c2719ae259f0637a9e46eda47dfc0ce01864c6366205"},
]
pika = [
    {file = "pika-1.3.1-py3-none-any.whl", hash = "sha256:89f5e606646caebe3c00cbdbc4c2c609834adde45d7507311807b5775edac8e0"},
    {file = "pika-1.3.1.tar.gz", hash = "sha256:beb19ff6dd1547f99a29acc2c6987ebb2ba7c44bf44a3f8e305877c5ef7d2fdc"},
]
